
Microsoft Visual Studio Solution File, Format Version 12.00
# Visual Studio Version 17
VisualStudioVersion = 17.5.002.0
MinimumVisualStudioVersion = 10.0.40219.1
Project("{9A19103F-16F7-4668-BE54-9A1E7A4F7556}") = "NovaLaundryAppWebAdminBlazor", "NovaLaundryAppWebAdminBlazor.csproj", "{C78C7CB9-BF79-4D61-AA19-8A0EF9A4434D}"
EndProject
Global
	GlobalSection(SolutionConfigurationPlatforms) = preSolution
		Debug|Any CPU = Debug|Any CPU
		Release|Any CPU = Release|Any CPU
	EndGlobalSection
	GlobalSection(ProjectConfigurationPlatforms) = postSolution
		{C78C7CB9-BF79-4D61-AA19-8A0EF9A4434D}.Debug|Any CPU.ActiveCfg = Debug|Any CPU
		{C78C7CB9-BF79-4D61-AA19-8A0EF9A4434D}.Debug|Any CPU.Build.0 = Debug|Any CPU
		{C78C7CB9-BF79-4D61-AA19-8A0EF9A4434D}.Release|Any CPU.ActiveCfg = Release|Any CPU
		{C78C7CB9-BF79-4D61-AA19-8A0EF9A4434D}.Release|Any CPU.Build.0 = Release|Any CPU
	EndGlobalSection
	GlobalSection(SolutionProperties) = preSolution
		HideSolutionNode = FALSE
	EndGlobalSection
	GlobalSection(ExtensibilityGlobals) = postSolution
		SolutionGuid = {323CF55E-D4CD-45F5-B163-A9503EA4AA24}
	EndGlobalSection
EndGlobal
